
Microsoft Visual Studio Solution File, Format Version 12.00
# Visual Studio Version 17
VisualStudioVersion = 17.2.32526.322
MinimumVisualStudioVersion = 10.0.40219.1
Project("{FAE04EC0-301F-11D3-BF4B-00C04F79EFBC}") = "Exe5_150_Kelompok1", "Exe5_150_Kelompok1\Exe5_150_Kelompok1.csproj", "{D1BE8010-C58C-4C39-9ACF-A88D875598E6}"
EndProject
Global
	GlobalSection(SolutionConfigurationPlatforms) = preSolution
		Debug|Any CPU = Debug|Any CPU
		Release|Any CPU = Release|Any CPU
	EndGlobalSection
	GlobalSection(ProjectConfigurationPlatforms) = postSolution
		{D1BE8010-C58C-4C39-9ACF-A88D875598E6}.Debug|Any CPU.ActiveCfg = Debug|Any CPU
		{D1BE8010-C58C-4C39-9ACF-A88D875598E6}.Debug|Any CPU.Build.0 = Debug|Any CPU
		{D1BE8010-C58C-4C39-9ACF-A88D875598E6}.Release|Any CPU.ActiveCfg = Release|Any CPU
		{D1BE8010-C58C-4C39-9ACF-A88D875598E6}.Release|Any CPU.Build.0 = Release|Any CPU
	EndGlobalSection
	GlobalSection(SolutionProperties) = preSolution
		HideSolutionNode = FALSE
	EndGlobalSection
	GlobalSection(ExtensibilityGlobals) = postSolution
		SolutionGuid = {74E474B9-8122-41EB-8818-14E5FF4139BF}
	EndGlobalSection
EndGlobal
